github.com/BurntSushi/toml v1.2.1 h1:9F2/+DoOYIOksmaJFPw1tGFy1eDnIJXg+UHjuD8lTak=
github.com/BurntSushi/toml v1.2.1/go.mod h1:CxXYINrC8qIiEnFrOxCa7Jy5BFHlXnUU2pbicEuybxQ=
github.com/GolangLessons/protos v0.1.2 h1:HeS3FJuuHEAV3qbokfx7e/dkNg27SwNB7ooo+BIb1Bs=
github.com/GolangLessons/protos v0.1.2/go.mod h1:pYqpiLUwBdosUGozwwVnuzmduQs+jXY/MfNSA2j10o0=
github.com/golang-jwt/jwt v3.2.2+incompatible h1:IfV12K8xAKAnZqdXVzCZ+TOjboZ2keLg81eXfW3O+oY=
github.com/golang-jwt/jwt v3.2.2+incompatible/go.mod h1:8pz2t5EyA70fFQQSrl6XZXzqecmYZeUEB8OUGHkxJ+I=
github.com/golang-jwt/jwt/v5 v5.0.0 h1:1n1XNM9hk7O9mnQoNBGolZvzebBQ7p93ULHRc28XJUE=
github.com/golang-jwt/jwt/v5 v5.0.0/go.mod h1:pqrtFR0X4osieyHYxtmOUWsAWrfe1Q5UVIyoH402zdk=
github.com/grpc-ecosystem/go-grpc-middleware/v2 v2.0.0 h1:2cz5kSrxzMYHiWOBbKj8itQm+nRykkB8aMv4ThcHYHA=
github.com/grpc-ecosystem/go-grpc-middleware/v2 v2.0.0/go.mod h1:w9Y7gY31krpLmrVU5ZPG9H7l9fZuRu5/3R3S3FMtVQ4=
github.com/ilyakaznacheev/cleanenv v1.5.0 h1:0VNZXggJE2OYdXE87bfSSwGxeiGt9moSR2lOrsHHvr4=
github.com/ilyakaznacheev/cleanenv v1.5.0/go.mod h1:a5aDzaJrLCQZsazHol1w8InnDcOX0OColm64SlIi6gk=
github.com/joho/godotenv v1.5.1 h1:7eLL/+HRGLY0ldzfGMeQkb7vMd0as4CfYvUVzLqw0N0=
github.com/joho/godotenv v1.5.1/go.mod h1:f4LDr5Voq0i2e/R5DDNOoa2zzDfwtkZa6DnEwAbqwq4=
golang.org/x/crypto v0.13.0 h1:mvySKfSWJ+UKUii46M40LOvyWfN0s2U+46/jDd0e6Ck=
golang.org/x/crypto v0.13.0/go.mod h1:y6Z2r+Rw4iayiXXAIxJIDAJ1zMW4yaTpebo8fPOliYc=
golang.org/x/crypto v0.40.0/go.mod h1:Qr1vMER5WyS2dfPHAlsOj01wgLbsyWtFn/aY+5+ZdxY=
golang.org/x/crypto v0.43.0 h1:dduJYIi3A3KOfdGOHX8AVZ/jGiyPa3IbBozJ5kNuE04=
golang.org/x/crypto v0.43.0/go.mod h1:BFbav4mRNlXJL4wNeejLpWxB7wMbc79PdRGhWKncxR0=
golang.org/x/net v0.15.0 h1:ugBLEUaxABaB5AJqW9enI0ACdci2RUd4eP51NTBvuJ8=
golang.org/x/net v0.15.0/go.mod h1:idbUs1IY1+zTqbi8yxTbhexhEEk5ur9LInksu6HrEpk=
golang.org/x/net v0.42.0 h1:jzkYrhi3YQWD6MLBJcsklgQsoAcw89EcZbJw8Z614hs=
golang.org/x/net v0.42.0/go.mod h1:FF1RA5d3u7nAYA4z2TkclSCKh68eSXtiFwcWQpPXdt8=
golang.org/x/net v0.45.0 h1:RLBg5JKixCy82FtLJpeNlVM0nrSqpCRYzVU1n8kj0tM=
golang.org/x/net v0.45.0/go.mod h1:ECOoLqd5U3Lhyeyo/QDCEVQ4sNgYsqvCZ722XogGieY=
golang.org/x/sys v0.34.0 h1:H5Y5sJ2L2JRdyv7ROF1he/lPdvFsd0mJHFw2ThKHxLA=
golang.org/x/sys v0.34.0/go.mod h1:BJP2sWEmIv4KK5OTEluFJCKSidICx8ciO85XgH3Ak8k=
golang.org/x/sys v0.37.0 h1:fdNQudmxPjkdUTPnLn5mdQv7Zwvbvpaxqs831goi9kQ=
golang.org/x/sys v0.37.0/go.mod h1:OgkHotnGiDImocRcuBABYBEXf8A9a87e/uXjp9XT3ks=
golang.org/x/text v0.27.0 h1:4fGWRpyh641NLlecmyl4LOe6yDdfaYNrGb2zdfo4JV4=
golang.org/x/text v0.27.0/go.mod h1:1D28KMCvyooCX9hBiosv5Tz/+YLxj0j7XhWjpSUF7CU=
golang.org/x/text v0.30.0 h1:yznKA/E9zq54KzlzBEAWn1NXSQ8DIp/NYMy88xJjl4k=
golang.org/x/text v0.30.0/go.mod h1:yDdHFIX9t+tORqspjENWgzaCVXgk0yYnYuSZ8UzzBVM=
google.golang.org/genproto/googleapis/rpc v0.0.0-20250804133106-a7a43d27e69b h1:zPKJod4w6F1+nRGDI9ubnXYhU9NSWoFAijkHkUXeTK8=
google.golang.org/genproto/googleapis/rpc v0.0.0-20250804133106-a7a43d27e69b/go.mod h1:qQ0YXyHHx3XkvlzUtpXDkS29lDSafHMZBAZDc03LQ3A=
google.golang.org/grpc v1.60.0-dev h1:K5TTpndC/q9FIgl69DKogILdN5bynmV5G5GDDxZdQvw=
google.golang.org/grpc v1.60.0-dev/go.mod h1:aUPDwccQo6OTjy7Hct4AfBPD1GptF4fyUjIkQ9YtF98=
google.golang.org/grpc v1.76.0 h1:UnVkv1+uMLYXoIz6o7chp59WfQUYA2ex/BXQ9rHZu7A=
google.golang.org/grpc v1.76.0/go.mod h1:Ju12QI8M6iQJtbcsV+awF5a4hfJMLi4X0JLo94ULZ6c=
google.golang.org/protobuf v1.36.6 h1:z1NpPI8ku2WgiWnf+t9wTPsn6eP1L7ksHUlkfLvd9xY=
google.golang.org/protobuf v1.36.6/go.mod h1:jduwjTPXsFjZGTmRluh+L6NjiWu7pchiJ2/5YcXBHnY=
gopkg.in/check.v1 v0.0.0-20161208181325-20d25e280405/go.mod h1:Co6ibVJAznAaIkqp8huTwlJQCZ016jof/cbN4VW5Yz0=
gopkg.in/yaml.v3 v3.0.1 h1:fxVm/GzAzEWqLHuvctI91KS9hhNmmWOoWu0XTYJS7CA=
gopkg.in/yaml.v3 v3.0.1/go.mod h1:K4uyk7z7BCEPqu6E+C64Yfv1cQ7kz7rIZviUmN+EgEM=
olympos.io/encoding/edn v0.0.0-20201019073823-d3554ca0b0a3 h1:slmdOY3vp8a7KQbHkL+FLbvbkgMqmXojpFUO/jENuqQ=
olympos.io/encoding/edn v0.0.0-20201019073823-d3554ca0b0a3/go.mod h1:oVgVk4OWVDi43qWBEyGhXgYxt7+ED4iYNpTngSLX2Iw=
